
Microsoft Visual Studio Solution File, Format Version 12.00
# Visual Studio Version 17
VisualStudioVersion = 17.2.32630.192
MinimumVisualStudioVersion = 10.0.40219.1
Project("{FAE04EC0-301F-11D3-BF4B-00C04F79EFBC}") = "AI-Labb2", "AI-Labb2\AI-Labb2.csproj", "{4E77909C-6401-46C0-A0E5-DA1871ACA969}"
EndProject
Global
	GlobalSection(SolutionConfigurationPlatforms) = preSolution
		Debug|Any CPU = Debug|Any CPU
		Release|Any CPU = Release|Any CPU
	EndGlobalSection
	GlobalSection(ProjectConfigurationPlatforms) = postSolution
		{4E77909C-6401-46C0-A0E5-DA1871ACA969}.Debug|Any CPU.ActiveCfg = Debug|Any CPU
		{4E77909C-6401-46C0-A0E5-DA1871ACA969}.Debug|Any CPU.Build.0 = Debug|Any CPU
		{4E77909C-6401-46C0-A0E5-DA1871ACA969}.Release|Any CPU.ActiveCfg = Release|Any CPU
		{4E77909C-6401-46C0-A0E5-DA1871ACA969}.Release|Any CPU.Build.0 = Release|Any CPU
	EndGlobalSection
	GlobalSection(SolutionProperties) = preSolution
		HideSolutionNode = FALSE
	EndGlobalSection
	GlobalSection(ExtensibilityGlobals) = postSolution
		SolutionGuid = {FF402422-9BFE-42D5-87EB-06796F0FC6A4}
	EndGlobalSection
EndGlobal
